// !$*UTF8*$!
{
	archiveVersion = 1;
	classes = {
	};
	objectVersion = 46;
	objects = {

/* Begin PBXBuildFile section */
		8039800219F40ACA00D671A6 /* main.cpp in Sources */ = {isa = PBXBuildFile; fileRef = 8039800119F40ACA00D671A6 /* main.cpp */; };
		803D4C5919F40E38005BB1CC /* SimilarSentences.cpp in Sources */ = {isa = PBXBuildFile; fileRef = 803D4C5719F40E38005BB1CC /* SimilarSentences.cpp */; };
/* End PBXBuildFile section */

/* Begin PBXCopyFilesBuildPhase section */
		80397FFC19F40ACA00D671A6 /* CopyFiles */ = {
			isa = PBXCopyFilesBuildPhase;
			buildActionMask = 2147483647;
			dstPath = /usr/share/man/man1/;
			dstSubfolderSpec = 0;
			files = (
			);
			runOnlyForDeploymentPostprocessing = 1;
		};
/* End PBXCopyFilesBuildPhase section */

/* Begin PBXFileReference section */
		80397FFE19F40ACA00D671A6 /* MiningMassiveDataSetsC */ = {isa = PBXFileReference; explicitFileType = "compiled.mach-o.executable"; includeInIndex = 0; path = MiningMassiveDataSetsC; sourceTree = BUILT_PRODUCTS_DIR; };
		8039800119F40ACA00D671A6 /* main.cpp */ = {isa = PBXFileReference; lastKnownFileType = sourcecode.cpp.cpp; path = main.cpp; sourceTree = "<group>"; };
		803D4C5719F40E38005BB1CC /* SimilarSentences.cpp */ = {isa = PBXFileReference; fileEncoding = 4; lastKnownFileType = sourcecode.cpp.cpp; path = SimilarSentences.cpp; sourceTree = "<group>"; };
		803D4C5819F40E38005BB1CC /* SimilarSentences.h */ = {isa = PBXFileReference; fileEncoding = 4; lastKnownFileType = sourcecode.c.h; path = SimilarSentences.h; sourceTree = "<group>"; };
/* End PBXFileReference section */

/* Begin PBXFrameworksBuildPhase section */
		80397FFB19F40ACA00D671A6 /* Frameworks */ = {
			isa = PBXFrameworksBuildPhase;
			buildActionMask = 2147483647;
			files = (
			);
			runOnlyForDeploymentPostprocessing = 0;
		};
/* End PBXFrameworksBuildPhase section */

/* Begin PBXGroup section */
		80397FF519F40ACA00D671A6 = {
			isa = PBXGroup;
			children = (
				8039800019F40ACA00D671A6 /* MiningMassiveDataSetsC */,
				80397FFF19F40ACA00D671A6 /* Products */,
			);
			sourceTree = "<group>";
		};
		80397FFF19F40ACA00D671A6 /* Products */ = {
			isa = PBXGroup;
			children = (
				80397FFE19F40ACA00D671A6 /* MiningMassiveDataSetsC */,
			);
			name = Products;
			sourceTree = "<group>";
		};
		8039800019F40ACA00D671A6 /* MiningMassiveDataSetsC */ = {
			isa = PBXGroup;
			children = (
				8039800119F40ACA00D671A6 /* main.cpp */,
				803D4C5719F40E38005BB1CC /* SimilarSentences.cpp */,
				803D4C5819F40E38005BB1CC /* SimilarSentences.h */,
			);
			path = MiningMassiveDataSetsC;
			sourceTree = "<group>";
		};
/* End PBXGroup section */

/* Begin PBXNativeTarget section */
		80397FFD19F40ACA00D671A6 /* MiningMassiveDataSetsC */ = {
			isa = PBXNativeTarget;
			buildConfigurationList = 8039800519F40ACA00D671A6 /* Build configuration list for PBXNativeTarget "MiningMassiveDataSetsC" */;
			buildPhases = (
				80397FFA19F40ACA00D671A6 /* Sources */,
				80397FFB19F40ACA00D671A6 /* Frameworks */,
				80397FFC19F40ACA00D671A6 /* CopyFiles */,
			);
			buildRules = (
			);
			dependencies = (
			);
			name = MiningMassiveDataSetsC;
			productName = MiningMassiveDataSetsC;
			productReference = 80397FFE19F40ACA00D671A6 /* MiningMassiveDataSetsC */;
			productType = "com.apple.product-type.tool";
		};
/* End PBXNativeTarget section */

/* Begin PBXProject section */
		80397FF619F40ACA00D671A6 /* Project object */ = {
			isa = PBXProject;
			attributes = {
				LastUpgradeCheck = 0600;
				ORGANIZATIONNAME = "Thomas Hubert";
				TargetAttributes = {
					80397FFD19F40ACA00D671A6 = {
						CreatedOnToolsVersion = 6.0.1;
					};
				};
			};
			buildConfigurationList = 80397FF919F40ACA00D671A6 /* Build configuration list for PBXProject "MiningMassiveDataSetsC" */;
			compatibilityVersion = "Xcode 3.2";
			developmentRegion = English;
			hasScannedForEncodings = 0;
			knownRegions = (
				en,
			);
			mainGroup = 80397FF519F40ACA00D671A6;
			productRefGroup = 80397FFF19F40ACA00D671A6 /* Products */;
			projectDirPath = "";
			projectRoot = "";
			targets = (
				80397FFD19F40ACA00D671A6 /* MiningMassiveDataSetsC */,
			);
		};
/* End PBXProject section */

/* Begin PBXSourcesBuildPhase section */
		80397FFA19F40ACA00D671A6 /* Sources */ = {
			isa = PBXSourcesBuildPhase;
			buildActionMask = 2147483647;
			files = (
				803D4C5919F40E38005BB1CC /* SimilarSentences.cpp in Sources */,
				8039800219F40ACA00D671A6 /* main.cpp in Sources */,
			);
			runOnlyForDeploymentPostprocessing = 0;
		};
/* End PBXSourcesBuildPhase section */

/* Begin XCBuildConfiguration section */
		8039800319F40ACA00D671A6 /* Debug */ = {
			isa = XCBuildConfiguration;
			buildSettings = {
				ALWAYS_SEARCH_USER_PATHS = NO;
				CLANG_CXX_LANGUAGE_STANDARD = "gnu++0x";
				CLANG_CXX_LIBRARY = "libc++";
				CLANG_ENABLE_MODULES = YES;
				CLANG_ENABLE_OBJC_ARC = YES;
				CLANG_WARN_BOOL_CONVERSION = YES;
				CLANG_WARN_CONSTANT_CONVERSION = YES;
				CLANG_WARN_DIRECT_OBJC_ISA_USAGE = YES_ERROR;
				CLANG_WARN_EMPTY_BODY = YES;
				CLANG_WARN_ENUM_CONVERSION = YES;
				CLANG_WARN_INT_CONVERSION = YES;
				CLANG_WARN_OBJC_ROOT_CLASS = YES_ERROR;
				CLANG_WARN_UNREACHABLE_CODE = YES;
				CLANG_WARN__DUPLICATE_METHOD_MATCH = YES;
				COPY_PHASE_STRIP = NO;
				ENABLE_STRICT_OBJC_MSGSEND = YES;
				GCC_C_LANGUAGE_STANDARD = gnu99;
				GCC_DYNAMIC_NO_PIC = NO;
				GCC_OPTIMIZATION_LEVEL = 0;
				GCC_PREPROCESSOR_DEFINITIONS = (
					"DEBUG=1",
					"$(inherited)",
				);
				GCC_SYMBOLS_PRIVATE_EXTERN = NO;
				GCC_WARN_64_TO_32_BIT_CONVERSION = YES;
				GCC_WARN_ABOUT_RETURN_TYPE = YES_ERROR;
				GCC_WARN_UNDECLARED_SELECTOR = YES;
				GCC_WARN_UNINITIALIZED_AUTOS = YES_AGGRESSIVE;
				GCC_WARN_UNUSED_FUNCTION = YES;
				GCC_WARN_UNUSED_VARIABLE = YES;
				MACOSX_DEPLOYMENT_TARGET = 10.10;
				MTL_ENABLE_DEBUG_INFO = YES;
				ONLY_ACTIVE_ARCH = YES;
				SDKROOT = macosx;
			};
			name = Debug;
		};
		8039800419F40ACA00D671A6 /* Release */ = {
			isa = XCBuildConfiguration;
			buildSettings = {
				ALWAYS_SEARCH_USER_PATHS = NO;
				CLANG_CXX_LANGUAGE_STANDARD = "gnu++0x";
				CLANG_CXX_LIBRARY = "libc++";
				CLANG_ENABLE_MODULES = YES;
				CLANG_ENABLE_OBJC_ARC = YES;
				CLANG_USE_OPTIMIZATION_PROFILE = NO;
				CLANG_WARN_BOOL_CONVERSION = YES;
				CLANG_WARN_CONSTANT_CONVERSION = YES;
				CLANG_WARN_DIRECT_OBJC_ISA_USAGE = YES_ERROR;
				CLANG_WARN_EMPTY_BODY = YES;
				CLANG_WARN_ENUM_CONVERSION = YES;
				CLANG_WARN_INT_CONVERSION = YES;
				CLANG_WARN_OBJC_ROOT_CLASS = YES_ERROR;
				CLANG_WARN_UNREACHABLE_CODE = YES;
				CLANG_WARN__DUPLICATE_METHOD_MATCH = YES;
				COPY_PHASE_STRIP = YES;
				DEBUG_INFORMATION_FORMAT = "dwarf-with-dsym";
				ENABLE_NS_ASSERTIONS = NO;
				ENABLE_STRICT_OBJC_MSGSEND = YES;
				GCC_C_LANGUAGE_STANDARD = gnu99;
				GCC_WARN_64_TO_32_BIT_CONVERSION = YES;
				GCC_WARN_ABOUT_RETURN_TYPE = YES_ERROR;
				GCC_WARN_UNDECLARED_SELECTOR = YES;
				GCC_WARN_UNINITIALIZED_AUTOS = YES_AGGRESSIVE;
				GCC_WARN_UNUSED_FUNCTION = YES;
				GCC_WARN_UNUSED_VARIABLE = YES;
				MACOSX_DEPLOYMENT_TARGET = 10.10;
				MTL_ENABLE_DEBUG_INFO = NO;
				SDKROOT = macosx;
			};
			name = Release;
		};
		8039800619F40ACA00D671A6 /* Debug */ = {
			isa = XCBuildConfiguration;
			buildSettings = {
				PRODUCT_NAME = "$(TARGET_NAME)";
			};
			name = Debug;
		};
		8039800719F40ACA00D671A6 /* Release */ = {
			isa = XCBuildConfiguration;
			buildSettings = {
				CLANG_USE_OPTIMIZATION_PROFILE = NO;
				PRODUCT_NAME = "$(TARGET_NAME)";
			};
			name = Release;
		};
/* End XCBuildConfiguration section */

/* Begin XCConfigurationList section */
		80397FF919F40ACA00D671A6 /* Build configuration list for PBXProject "MiningMassiveDataSetsC" */ = {
			isa = XCConfigurationList;
			buildConfigurations = (
				8039800319F40ACA00D671A6 /* Debug */,
				8039800419F40ACA00D671A6 /* Release */,
			);
			defaultConfigurationIsVisible = 0;
			defaultConfigurationName = Release;
		};
		8039800519F40ACA00D671A6 /* Build configuration list for PBXNativeTarget "MiningMassiveDataSetsC" */ = {
			isa = XCConfigurationList;
			buildConfigurations = (
				8039800619F40ACA00D671A6 /* Debug */,
				8039800719F40ACA00D671A6 /* Release */,
			);
			defaultConfigurationIsVisible = 0;
			defaultConfigurationName = Release;
		};
/* End XCConfigurationList section */
	};
	rootObject = 80397FF619F40ACA00D671A6 /* Project object */;
}
